
Microsoft Visual Studio Solution File, Format Version 12.00
# Visual Studio 15
VisualStudioVersion = 15.0.26124.0
MinimumVisualStudioVersion = 15.0.26124.0
Project("{2150E333-8FDC-42A3-9474-1A3956D46DE8}") = "src", "src", "{B5AF1028-8EC7-414E-88A9-1B74361D4E43}"
EndProject
Project("{FAE04EC0-301F-11D3-BF4B-00C04F79EFBC}") = "GradeBook", "src\GradeBook\GradeBook.csproj", "{3F0AC940-70FF-4C28-B4F4-B04B4695D645}"
EndProject
Project("{2150E333-8FDC-42A3-9474-1A3956D46DE8}") = "test", "test", "{0B37724E-ACE2-404A-BF7E-9DD707568685}"
EndProject
Project("{FAE04EC0-301F-11D3-BF4B-00C04F79EFBC}") = "GradeBook.Tests", "test\GradeBook.Tests\GradeBook.Tests.csproj", "{CF82DF50-AEB8-4C01-AD69-702187CE673D}"
EndProject
Global
	GlobalSection(SolutionConfigurationPlatforms) = preSolution
		Debug|Any CPU = Debug|Any CPU
		Debug|x64 = Debug|x64
		Debug|x86 = Debug|x86
		Release|Any CPU = Release|Any CPU
		Release|x64 = Release|x64
		Release|x86 = Release|x86
	EndGlobalSection
	GlobalSection(SolutionProperties) = preSolution
		HideSolutionNode = FALSE
	EndGlobalSection
	GlobalSection(ProjectConfigurationPlatforms) = postSolution
		{3F0AC940-70FF-4C28-B4F4-B04B4695D645}.Debug|Any CPU.ActiveCfg = Debug|Any CPU
		{3F0AC940-70FF-4C28-B4F4-B04B4695D645}.Debug|Any CPU.Build.0 = Debug|Any CPU
		{3F0AC940-70FF-4C28-B4F4-B04B4695D645}.Debug|x64.ActiveCfg = Debug|Any CPU
		{3F0AC940-70FF-4C28-B4F4-B04B4695D645}.Debug|x64.Build.0 = Debug|Any CPU
		{3F0AC940-70FF-4C28-B4F4-B04B4695D645}.Debug|x86.ActiveCfg = Debug|Any CPU
		{3F0AC940-70FF-4C28-B4F4-B04B4695D645}.Debug|x86.Build.0 = Debug|Any CPU
		{3F0AC940-70FF-4C28-B4F4-B04B4695D645}.Release|Any CPU.ActiveCfg = Release|Any CPU
		{3F0AC940-70FF-4C28-B4F4-B04B4695D645}.Release|Any CPU.Build.0 = Release|Any CPU
		{3F0AC940-70FF-4C28-B4F4-B04B4695D645}.Release|x64.ActiveCfg = Release|Any CPU
		{3F0AC940-70FF-4C28-B4F4-B04B4695D645}.Release|x64.Build.0 = Release|Any CPU
		{3F0AC940-70FF-4C28-B4F4-B04B4695D645}.Release|x86.ActiveCfg = Release|Any CPU
		{3F0AC940-70FF-4C28-B4F4-B04B4695D645}.Release|x86.Build.0 = Release|Any CPU
		{CF82DF50-AEB8-4C01-AD69-702187CE673D}.Debug|Any CPU.ActiveCfg = Debug|Any CPU
		{CF82DF50-AEB8-4C01-AD69-702187CE673D}.Debug|Any CPU.Build.0 = Debug|Any CPU
		{CF82DF50-AEB8-4C01-AD69-702187CE673D}.Debug|x64.ActiveCfg = Debug|Any CPU
		{CF82DF50-AEB8-4C01-AD69-702187CE673D}.Debug|x64.Build.0 = Debug|Any CPU
		{CF82DF50-AEB8-4C01-AD69-702187CE673D}.Debug|x86.ActiveCfg = Debug|Any CPU
		{CF82DF50-AEB8-4C01-AD69-702187CE673D}.Debug|x86.Build.0 = Debug|Any CPU
		{CF82DF50-AEB8-4C01-AD69-702187CE673D}.Release|Any CPU.ActiveCfg = Release|Any CPU
		{CF82DF50-AEB8-4C01-AD69-702187CE673D}.Release|Any CPU.Build.0 = Release|Any CPU
		{CF82DF50-AEB8-4C01-AD69-702187CE673D}.Release|x64.ActiveCfg = Release|Any CPU
		{CF82DF50-AEB8-4C01-AD69-702187CE673D}.Release|x64.Build.0 = Release|Any CPU
		{CF82DF50-AEB8-4C01-AD69-702187CE673D}.Release|x86.ActiveCfg = Release|Any CPU
		{CF82DF50-AEB8-4C01-AD69-702187CE673D}.Release|x86.Build.0 = Release|Any CPU
	EndGlobalSection
	GlobalSection(NestedProjects) = preSolution
		{3F0AC940-70FF-4C28-B4F4-B04B4695D645} = {B5AF1028-8EC7-414E-88A9-1B74361D4E43}
		{CF82DF50-AEB8-4C01-AD69-702187CE673D} = {0B37724E-ACE2-404A-BF7E-9DD707568685}
	EndGlobalSection
EndGlobal
